
Microsoft Visual Studio Solution File, Format Version 12.00
# Visual Studio 15
VisualStudioVersion = 15.0.26228.57
MinimumVisualStudioVersion = 10.0.40219.1
Project("{FAE04EC0-301F-11D3-BF4B-00C04F79EFBC}") = "ConsoleNumberstowords", "ConsoleNumberstowords\ConsoleNumberstowords.csproj", "{DE69B4CE-EF3A-4F69-A58A-FD528088AF24}"
EndProject
Global
	GlobalSection(SolutionConfigurationPlatforms) = preSolution
		Debug|Any CPU = Debug|Any CPU
		Release|Any CPU = Release|Any CPU
	EndGlobalSection
	GlobalSection(ProjectConfigurationPlatforms) = postSolution
		{DE69B4CE-EF3A-4F69-A58A-FD528088AF24}.Debug|Any CPU.ActiveCfg = Debug|Any CPU
		{DE69B4CE-EF3A-4F69-A58A-FD528088AF24}.Debug|Any CPU.Build.0 = Debug|Any CPU
		{DE69B4CE-EF3A-4F69-A58A-FD528088AF24}.Release|Any CPU.ActiveCfg = Release|Any CPU
		{DE69B4CE-EF3A-4F69-A58A-FD528088AF24}.Release|Any CPU.Build.0 = Release|Any CPU
	EndGlobalSection
	GlobalSection(SolutionProperties) = preSolution
		HideSolutionNode = FALSE
	EndGlobalSection
EndGlobal
